
Microsoft Visual Studio Solution File, Format Version 12.00
Project("{FAE04EC0-301F-11D3-BF4B-00C04F79EFBC}") = "UserService", "UserService\UserService.csproj", "{7D9E2D8A-BFAA-4886-9BF8-73F3CF3F8DB9}"
EndProject
Project("{FAE04EC0-301F-11D3-BF4B-00C04F79EFBC}") = "VenueService", "VenueService\VenueService.csproj", "{9850C524-9EA5-4233-93E0-8F99C4ECB9DF}"
EndProject
Project("{FAE04EC0-301F-11D3-BF4B-00C04F79EFBC}") = "ApiGateway", "ApiGateway\ApiGateway.csproj", "{7A23C41C-810D-42B1-A70C-474A44E269A1}"
EndProject
Project("{FAE04EC0-301F-11D3-BF4B-00C04F79EFBC}") = "BookingService.Api", "BookingService.Api\BookingService.Api.csproj", "{5DAFBE64-343D-4364-80C9-A2A27ED65851}"
EndProject
Project("{FAE04EC0-301F-11D3-BF4B-00C04F79EFBC}") = "BookingService.Application", "BookingService.Application\BookingService.Application.csproj", "{F7F74917-7A2D-4399-805F-6E28EE9F55FA}"
EndProject
Project("{FAE04EC0-301F-11D3-BF4B-00C04F79EFBC}") = "BookingService.Domain", "BookingService.Domain\BookingService.Domain.csproj", "{98E4F9BA-00CC-4C61-B122-F30F8452E1A4}"
EndProject
Project("{FAE04EC0-301F-11D3-BF4B-00C04F79EFBC}") = "BookingService.Infrastructure", "BookingService.Infrastructure\BookingService.Infrastructure.csproj", "{C9A1B4CA-03F2-43CC-AC7D-0B5C7E24F341}"
EndProject
Project("{FAE04EC0-301F-11D3-BF4B-00C04F79EFBC}") = "Common", "Common\Common.csproj", "{EE1C92B6-B02F-4597-B1EC-D11448DA4EA8}"
EndProject
Project("{FAE04EC0-301F-11D3-BF4B-00C04F79EFBC}") = "PaymentService.Api", "PaymentService.Api\PaymentService.Api.csproj", "{7A7C4612-7E4F-492F-A5C6-D1F9E68EB828}"
EndProject
Project("{FAE04EC0-301F-11D3-BF4B-00C04F79EFBC}") = "PaymentService.Core", "PaymentService.Core\PaymentService.Core.csproj", "{B527637B-10A9-476A-AC20-E2145DB61EB5}"
EndProject
Global
	GlobalSection(SolutionConfigurationPlatforms) = preSolution
		Debug|Any CPU = Debug|Any CPU
		Release|Any CPU = Release|Any CPU
	EndGlobalSection
	GlobalSection(ProjectConfigurationPlatforms) = postSolution
		{7D9E2D8A-BFAA-4886-9BF8-73F3CF3F8DB9}.Debug|Any CPU.ActiveCfg = Debug|Any CPU
		{7D9E2D8A-BFAA-4886-9BF8-73F3CF3F8DB9}.Debug|Any CPU.Build.0 = Debug|Any CPU
		{7D9E2D8A-BFAA-4886-9BF8-73F3CF3F8DB9}.Release|Any CPU.ActiveCfg = Release|Any CPU
		{7D9E2D8A-BFAA-4886-9BF8-73F3CF3F8DB9}.Release|Any CPU.Build.0 = Release|Any CPU
		{9850C524-9EA5-4233-93E0-8F99C4ECB9DF}.Debug|Any CPU.ActiveCfg = Debug|Any CPU
		{9850C524-9EA5-4233-93E0-8F99C4ECB9DF}.Debug|Any CPU.Build.0 = Debug|Any CPU
		{9850C524-9EA5-4233-93E0-8F99C4ECB9DF}.Release|Any CPU.ActiveCfg = Release|Any CPU
		{9850C524-9EA5-4233-93E0-8F99C4ECB9DF}.Release|Any CPU.Build.0 = Release|Any CPU
		{7A23C41C-810D-42B1-A70C-474A44E269A1}.Debug|Any CPU.ActiveCfg = Debug|Any CPU
		{7A23C41C-810D-42B1-A70C-474A44E269A1}.Debug|Any CPU.Build.0 = Debug|Any CPU
		{7A23C41C-810D-42B1-A70C-474A44E269A1}.Release|Any CPU.ActiveCfg = Release|Any CPU
		{7A23C41C-810D-42B1-A70C-474A44E269A1}.Release|Any CPU.Build.0 = Release|Any CPU
		{5DAFBE64-343D-4364-80C9-A2A27ED65851}.Debug|Any CPU.ActiveCfg = Debug|Any CPU
		{5DAFBE64-343D-4364-80C9-A2A27ED65851}.Debug|Any CPU.Build.0 = Debug|Any CPU
		{5DAFBE64-343D-4364-80C9-A2A27ED65851}.Release|Any CPU.ActiveCfg = Release|Any CPU
		{5DAFBE64-343D-4364-80C9-A2A27ED65851}.Release|Any CPU.Build.0 = Release|Any CPU
		{F7F74917-7A2D-4399-805F-6E28EE9F55FA}.Debug|Any CPU.ActiveCfg = Debug|Any CPU
		{F7F74917-7A2D-4399-805F-6E28EE9F55FA}.Debug|Any CPU.Build.0 = Debug|Any CPU
		{F7F74917-7A2D-4399-805F-6E28EE9F55FA}.Release|Any CPU.ActiveCfg = Release|Any CPU
		{F7F74917-7A2D-4399-805F-6E28EE9F55FA}.Release|Any CPU.Build.0 = Release|Any CPU
		{98E4F9BA-00CC-4C61-B122-F30F8452E1A4}.Debug|Any CPU.ActiveCfg = Debug|Any CPU
		{98E4F9BA-00CC-4C61-B122-F30F8452E1A4}.Debug|Any CPU.Build.0 = Debug|Any CPU
		{98E4F9BA-00CC-4C61-B122-F30F8452E1A4}.Release|Any CPU.ActiveCfg = Release|Any CPU
		{98E4F9BA-00CC-4C61-B122-F30F8452E1A4}.Release|Any CPU.Build.0 = Release|Any CPU
		{C9A1B4CA-03F2-43CC-AC7D-0B5C7E24F341}.Debug|Any CPU.ActiveCfg = Debug|Any CPU
		{C9A1B4CA-03F2-43CC-AC7D-0B5C7E24F341}.Debug|Any CPU.Build.0 = Debug|Any CPU
		{C9A1B4CA-03F2-43CC-AC7D-0B5C7E24F341}.Release|Any CPU.ActiveCfg = Release|Any CPU
		{C9A1B4CA-03F2-43CC-AC7D-0B5C7E24F341}.Release|Any CPU.Build.0 = Release|Any CPU
		{EE1C92B6-B02F-4597-B1EC-D11448DA4EA8}.Debug|Any CPU.ActiveCfg = Debug|Any CPU
		{EE1C92B6-B02F-4597-B1EC-D11448DA4EA8}.Debug|Any CPU.Build.0 = Debug|Any CPU
		{EE1C92B6-B02F-4597-B1EC-D11448DA4EA8}.Release|Any CPU.ActiveCfg = Release|Any CPU
		{EE1C92B6-B02F-4597-B1EC-D11448DA4EA8}.Release|Any CPU.Build.0 = Release|Any CPU
		{7A7C4612-7E4F-492F-A5C6-D1F9E68EB828}.Debug|Any CPU.ActiveCfg = Debug|Any CPU
		{7A7C4612-7E4F-492F-A5C6-D1F9E68EB828}.Debug|Any CPU.Build.0 = Debug|Any CPU
		{7A7C4612-7E4F-492F-A5C6-D1F9E68EB828}.Release|Any CPU.ActiveCfg = Release|Any CPU
		{7A7C4612-7E4F-492F-A5C6-D1F9E68EB828}.Release|Any CPU.Build.0 = Release|Any CPU
		{B527637B-10A9-476A-AC20-E2145DB61EB5}.Debug|Any CPU.ActiveCfg = Debug|Any CPU
		{B527637B-10A9-476A-AC20-E2145DB61EB5}.Debug|Any CPU.Build.0 = Debug|Any CPU
		{B527637B-10A9-476A-AC20-E2145DB61EB5}.Release|Any CPU.ActiveCfg = Release|Any CPU
		{B527637B-10A9-476A-AC20-E2145DB61EB5}.Release|Any CPU.Build.0 = Release|Any CPU
	EndGlobalSection
EndGlobal
